
Microsoft Visual Studio Solution File, Format Version 12.00
# Visual Studio Version 17
VisualStudioVersion = 17.0.31912.275
MinimumVisualStudioVersion = 10.0.40219.1
Project("{9A19103F-16F7-4668-BE54-9A1E7A4F7556}") = "Day01", "Day01\Day01.csproj", "{0902B062-A55B-4269-BE0F-E8C744B02A93}"
EndProject
Project("{9A19103F-16F7-4668-BE54-9A1E7A4F7556}") = "Day02", "Day02\Day02.csproj", "{E2039DCD-3591-467C-93C3-2EAB333AB852}"
EndProject
Project("{9A19103F-16F7-4668-BE54-9A1E7A4F7556}") = "Day03", "Day03\Day03.csproj", "{C6261376-BB4B-4FEB-942C-744C9AAAC20B}"
EndProject
Project("{9A19103F-16F7-4668-BE54-9A1E7A4F7556}") = "Day04", "Day04\Day04.csproj", "{3C40CEC6-9213-48BA-967C-ADD521E9A6F1}"
EndProject
Project("{9A19103F-16F7-4668-BE54-9A1E7A4F7556}") = "Day05", "Day05\Day05.csproj", "{E6BCA3C5-2545-46B9-9EB0-A44B73FDEAC9}"
EndProject
Project("{9A19103F-16F7-4668-BE54-9A1E7A4F7556}") = "Day06", "Day06\Day06.csproj", "{AB08DC18-FFE4-4751-A7B6-9B0808AA6943}"
EndProject
Project("{9A19103F-16F7-4668-BE54-9A1E7A4F7556}") = "Day07", "Day07\Day07.csproj", "{AA138148-8FDF-4A60-91EB-1DE80042AD61}"
EndProject
Project("{9A19103F-16F7-4668-BE54-9A1E7A4F7556}") = "Day08", "Day08\Day08.csproj", "{84AFC548-0C12-417C-AD45-E634171FEB1C}"
EndProject
Project("{9A19103F-16F7-4668-BE54-9A1E7A4F7556}") = "Day09", "Day09\Day09.csproj", "{E0E79DF6-66F4-4E0D-B01D-DA34F042A379}"
EndProject
Project("{9A19103F-16F7-4668-BE54-9A1E7A4F7556}") = "Day10", "Day10\Day10.csproj", "{D696F3B0-091C-4936-883B-F0BCDCC31210}"
EndProject
Project("{9A19103F-16F7-4668-BE54-9A1E7A4F7556}") = "Day11", "Day11\Day11.csproj", "{0829E924-894E-4B7E-86CF-73F87251FC14}"
EndProject
Project("{9A19103F-16F7-4668-BE54-9A1E7A4F7556}") = "Day12", "Day12\Day12.csproj", "{46A26B0C-927A-4392-8360-96DF834FED28}"
EndProject
Project("{9A19103F-16F7-4668-BE54-9A1E7A4F7556}") = "Day14", "Day14\Day14.csproj", "{A2A50871-D480-4EE6-8C4C-B08F4EF6B5F8}"
EndProject
Project("{9A19103F-16F7-4668-BE54-9A1E7A4F7556}") = "Day15", "Day15\Day15.csproj", "{51969919-FC95-4978-BCAF-D51979E355D9}"
EndProject
Project("{9A19103F-16F7-4668-BE54-9A1E7A4F7556}") = "Day18", "Day18\Day18.csproj", "{E33009D3-5E99-4524-B871-B68407D6D38D}"
EndProject
Project("{9A19103F-16F7-4668-BE54-9A1E7A4F7556}") = "Day21", "Day21\Day21.csproj", "{C7463A1B-F0D8-4507-9F5B-B11BF7F2DC1D}"
EndProject
Project("{9A19103F-16F7-4668-BE54-9A1E7A4F7556}") = "Day13", "Day13\Day13.csproj", "{09AD4539-0ACD-4EFB-8819-C0DAF81E0967}"
EndProject
Project("{9A19103F-16F7-4668-BE54-9A1E7A4F7556}") = "Day23", "Day23\Day23.csproj", "{ADD36F96-C34C-4F05-868B-86CF3CE2910D}"
EndProject
Project("{9A19103F-16F7-4668-BE54-9A1E7A4F7556}") = "AoCUtils", "AoCUtils\AoCUtils.csproj", "{AC68A62A-A233-40AA-A32A-F4BED6194CC8}"
EndProject
Project("{FAE04EC0-301F-11D3-BF4B-00C04F79EFBC}") = "Day16", "Day16\Day16.csproj", "{71DAC7AF-7619-417D-A864-47E6EC855D2C}"
EndProject
Project("{FAE04EC0-301F-11D3-BF4B-00C04F79EFBC}") = "Day17", "Day17\Day17.csproj", "{96FC65EA-B4F8-4A1A-8F2F-3117720E6EA7}"
EndProject
Project("{FAE04EC0-301F-11D3-BF4B-00C04F79EFBC}") = "Day19", "Day19\Day19.csproj", "{125F5CA9-9F10-4BB6-ACF6-E4AE976A1D64}"
EndProject
Project("{FAE04EC0-301F-11D3-BF4B-00C04F79EFBC}") = "Day20", "Day20\Day20.csproj", "{E6B2A24E-51CF-489A-BCDC-C2AF0A872CE8}"
EndProject
Project("{FAE04EC0-301F-11D3-BF4B-00C04F79EFBC}") = "Day22", "Day22\Day22.csproj", "{67C77918-EB2E-4347-902F-8D2E88E8A487}"
EndProject
Project("{FAE04EC0-301F-11D3-BF4B-00C04F79EFBC}") = "Day24", "Day24\Day24.csproj", "{AF46F311-3345-46DE-A42F-AE2DCE4C9C0A}"
EndProject
Project("{FAE04EC0-301F-11D3-BF4B-00C04F79EFBC}") = "Day25", "Day25\Day25.csproj", "{0B32B1FD-571E-4E64-9F7E-243E793E5A42}"
EndProject
Project("{2150E333-8FDC-42A3-9474-1A3956D46DE8}") = "Solution Items", "Solution Items", "{C659D294-EAF1-4B59-9900-BD083A930112}"
	ProjectSection(SolutionItems) = preProject
		README.md = README.md
	EndProjectSection
EndProject
Global
	GlobalSection(SolutionConfigurationPlatforms) = preSolution
		Debug|Any CPU = Debug|Any CPU
		Release|Any CPU = Release|Any CPU
	EndGlobalSection
	GlobalSection(ProjectConfigurationPlatforms) = postSolution
		{0902B062-A55B-4269-BE0F-E8C744B02A93}.Debug|Any CPU.ActiveCfg = Debug|Any CPU
		{0902B062-A55B-4269-BE0F-E8C744B02A93}.Debug|Any CPU.Build.0 = Debug|Any CPU
		{0902B062-A55B-4269-BE0F-E8C744B02A93}.Release|Any CPU.ActiveCfg = Release|Any CPU
		{0902B062-A55B-4269-BE0F-E8C744B02A93}.Release|Any CPU.Build.0 = Release|Any CPU
		{E2039DCD-3591-467C-93C3-2EAB333AB852}.Debug|Any CPU.ActiveCfg = Debug|Any CPU
		{E2039DCD-3591-467C-93C3-2EAB333AB852}.Debug|Any CPU.Build.0 = Debug|Any CPU
		{E2039DCD-3591-467C-93C3-2EAB333AB852}.Release|Any CPU.ActiveCfg = Release|Any CPU
		{E2039DCD-3591-467C-93C3-2EAB333AB852}.Release|Any CPU.Build.0 = Release|Any CPU
		{C6261376-BB4B-4FEB-942C-744C9AAAC20B}.Debug|Any CPU.ActiveCfg = Debug|Any CPU
		{C6261376-BB4B-4FEB-942C-744C9AAAC20B}.Debug|Any CPU.Build.0 = Debug|Any CPU
		{C6261376-BB4B-4FEB-942C-744C9AAAC20B}.Release|Any CPU.ActiveCfg = Release|Any CPU
		{C6261376-BB4B-4FEB-942C-744C9AAAC20B}.Release|Any CPU.Build.0 = Release|Any CPU
		{3C40CEC6-9213-48BA-967C-ADD521E9A6F1}.Debug|Any CPU.ActiveCfg = Debug|Any CPU
		{3C40CEC6-9213-48BA-967C-ADD521E9A6F1}.Debug|Any CPU.Build.0 = Debug|Any CPU
		{3C40CEC6-9213-48BA-967C-ADD521E9A6F1}.Release|Any CPU.ActiveCfg = Release|Any CPU
		{3C40CEC6-9213-48BA-967C-ADD521E9A6F1}.Release|Any CPU.Build.0 = Release|Any CPU
		{E6BCA3C5-2545-46B9-9EB0-A44B73FDEAC9}.Debug|Any CPU.ActiveCfg = Debug|Any CPU
		{E6BCA3C5-2545-46B9-9EB0-A44B73FDEAC9}.Debug|Any CPU.Build.0 = Debug|Any CPU
		{E6BCA3C5-2545-46B9-9EB0-A44B73FDEAC9}.Release|Any CPU.ActiveCfg = Release|Any CPU
		{E6BCA3C5-2545-46B9-9EB0-A44B73FDEAC9}.Release|Any CPU.Build.0 = Release|Any CPU
		{AB08DC18-FFE4-4751-A7B6-9B0808AA6943}.Debug|Any CPU.ActiveCfg = Debug|Any CPU
		{AB08DC18-FFE4-4751-A7B6-9B0808AA6943}.Debug|Any CPU.Build.0 = Debug|Any CPU
		{AB08DC18-FFE4-4751-A7B6-9B0808AA6943}.Release|Any CPU.ActiveCfg = Release|Any CPU
		{AB08DC18-FFE4-4751-A7B6-9B0808AA6943}.Release|Any CPU.Build.0 = Release|Any CPU
		{AA138148-8FDF-4A60-91EB-1DE80042AD61}.Debug|Any CPU.ActiveCfg = Debug|Any CPU
		{AA138148-8FDF-4A60-91EB-1DE80042AD61}.Debug|Any CPU.Build.0 = Debug|Any CPU
		{AA138148-8FDF-4A60-91EB-1DE80042AD61}.Release|Any CPU.ActiveCfg = Release|Any CPU
		{AA138148-8FDF-4A60-91EB-1DE80042AD61}.Release|Any CPU.Build.0 = Release|Any CPU
		{84AFC548-0C12-417C-AD45-E634171FEB1C}.Debug|Any CPU.ActiveCfg = Debug|Any CPU
		{84AFC548-0C12-417C-AD45-E634171FEB1C}.Debug|Any CPU.Build.0 = Debug|Any CPU
		{84AFC548-0C12-417C-AD45-E634171FEB1C}.Release|Any CPU.ActiveCfg = Release|Any CPU
		{84AFC548-0C12-417C-AD45-E634171FEB1C}.Release|Any CPU.Build.0 = Release|Any CPU
		{E0E79DF6-66F4-4E0D-B01D-DA34F042A379}.Debug|Any CPU.ActiveCfg = Debug|Any CPU
		{E0E79DF6-66F4-4E0D-B01D-DA34F042A379}.Debug|Any CPU.Build.0 = Debug|Any CPU
		{E0E79DF6-66F4-4E0D-B01D-DA34F042A379}.Release|Any CPU.ActiveCfg = Release|Any CPU
		{E0E79DF6-66F4-4E0D-B01D-DA34F042A379}.Release|Any CPU.Build.0 = Release|Any CPU
		{D696F3B0-091C-4936-883B-F0BCDCC31210}.Debug|Any CPU.ActiveCfg = Debug|Any CPU
		{D696F3B0-091C-4936-883B-F0BCDCC31210}.Debug|Any CPU.Build.0 = Debug|Any CPU
		{D696F3B0-091C-4936-883B-F0BCDCC31210}.Release|Any CPU.ActiveCfg = Release|Any CPU
		{D696F3B0-091C-4936-883B-F0BCDCC31210}.Release|Any CPU.Build.0 = Release|Any CPU
		{0829E924-894E-4B7E-86CF-73F87251FC14}.Debug|Any CPU.ActiveCfg = Debug|Any CPU
		{0829E924-894E-4B7E-86CF-73F87251FC14}.Debug|Any CPU.Build.0 = Debug|Any CPU
		{0829E924-894E-4B7E-86CF-73F87251FC14}.Release|Any CPU.ActiveCfg = Release|Any CPU
		{0829E924-894E-4B7E-86CF-73F87251FC14}.Release|Any CPU.Build.0 = Release|Any CPU
		{46A26B0C-927A-4392-8360-96DF834FED28}.Debug|Any CPU.ActiveCfg = Debug|Any CPU
		{46A26B0C-927A-4392-8360-96DF834FED28}.Debug|Any CPU.Build.0 = Debug|Any CPU
		{46A26B0C-927A-4392-8360-96DF834FED28}.Release|Any CPU.ActiveCfg = Release|Any CPU
		{46A26B0C-927A-4392-8360-96DF834FED28}.Release|Any CPU.Build.0 = Release|Any CPU
		{A2A50871-D480-4EE6-8C4C-B08F4EF6B5F8}.Debug|Any CPU.ActiveCfg = Debug|Any CPU
		{A2A50871-D480-4EE6-8C4C-B08F4EF6B5F8}.Debug|Any CPU.Build.0 = Debug|Any CPU
		{A2A50871-D480-4EE6-8C4C-B08F4EF6B5F8}.Release|Any CPU.ActiveCfg = Release|Any CPU
		{A2A50871-D480-4EE6-8C4C-B08F4EF6B5F8}.Release|Any CPU.Build.0 = Release|Any CPU
		{51969919-FC95-4978-BCAF-D51979E355D9}.Debug|Any CPU.ActiveCfg = Debug|Any CPU
		{51969919-FC95-4978-BCAF-D51979E355D9}.Debug|Any CPU.Build.0 = Debug|Any CPU
		{51969919-FC95-4978-BCAF-D51979E355D9}.Release|Any CPU.ActiveCfg = Release|Any CPU
		{51969919-FC95-4978-BCAF-D51979E355D9}.Release|Any CPU.Build.0 = Release|Any CPU
		{E33009D3-5E99-4524-B871-B68407D6D38D}.Debug|Any CPU.ActiveCfg = Debug|Any CPU
		{E33009D3-5E99-4524-B871-B68407D6D38D}.Debug|Any CPU.Build.0 = Debug|Any CPU
		{E33009D3-5E99-4524-B871-B68407D6D38D}.Release|Any CPU.ActiveCfg = Release|Any CPU
		{E33009D3-5E99-4524-B871-B68407D6D38D}.Release|Any CPU.Build.0 = Release|Any CPU
		{C7463A1B-F0D8-4507-9F5B-B11BF7F2DC1D}.Debug|Any CPU.ActiveCfg = Debug|Any CPU
		{C7463A1B-F0D8-4507-9F5B-B11BF7F2DC1D}.Debug|Any CPU.Build.0 = Debug|Any CPU
		{C7463A1B-F0D8-4507-9F5B-B11BF7F2DC1D}.Release|Any CPU.ActiveCfg = Release|Any CPU
		{C7463A1B-F0D8-4507-9F5B-B11BF7F2DC1D}.Release|Any CPU.Build.0 = Release|Any CPU
		{09AD4539-0ACD-4EFB-8819-C0DAF81E0967}.Debug|Any CPU.ActiveCfg = Debug|Any CPU
		{09AD4539-0ACD-4EFB-8819-C0DAF81E0967}.Debug|Any CPU.Build.0 = Debug|Any CPU
		{09AD4539-0ACD-4EFB-8819-C0DAF81E0967}.Release|Any CPU.ActiveCfg = Release|Any CPU
		{09AD4539-0ACD-4EFB-8819-C0DAF81E0967}.Release|Any CPU.Build.0 = Release|Any CPU
		{ADD36F96-C34C-4F05-868B-86CF3CE2910D}.Debug|Any CPU.ActiveCfg = Debug|Any CPU
		{ADD36F96-C34C-4F05-868B-86CF3CE2910D}.Debug|Any CPU.Build.0 = Debug|Any CPU
		{ADD36F96-C34C-4F05-868B-86CF3CE2910D}.Release|Any CPU.ActiveCfg = Release|Any CPU
		{ADD36F96-C34C-4F05-868B-86CF3CE2910D}.Release|Any CPU.Build.0 = Release|Any CPU
		{AC68A62A-A233-40AA-A32A-F4BED6194CC8}.Debug|Any CPU.ActiveCfg = Debug|Any CPU
		{AC68A62A-A233-40AA-A32A-F4BED6194CC8}.Debug|Any CPU.Build.0 = Debug|Any CPU
		{AC68A62A-A233-40AA-A32A-F4BED6194CC8}.Release|Any CPU.ActiveCfg = Release|Any CPU
		{AC68A62A-A233-40AA-A32A-F4BED6194CC8}.Release|Any CPU.Build.0 = Release|Any CPU
		{71DAC7AF-7619-417D-A864-47E6EC855D2C}.Debug|Any CPU.ActiveCfg = Debug|Any CPU
		{71DAC7AF-7619-417D-A864-47E6EC855D2C}.Debug|Any CPU.Build.0 = Debug|Any CPU
		{71DAC7AF-7619-417D-A864-47E6EC855D2C}.Release|Any CPU.ActiveCfg = Release|Any CPU
		{71DAC7AF-7619-417D-A864-47E6EC855D2C}.Release|Any CPU.Build.0 = Release|Any CPU
		{96FC65EA-B4F8-4A1A-8F2F-3117720E6EA7}.Debug|Any CPU.ActiveCfg = Debug|Any CPU
		{96FC65EA-B4F8-4A1A-8F2F-3117720E6EA7}.Debug|Any CPU.Build.0 = Debug|Any CPU
		{96FC65EA-B4F8-4A1A-8F2F-3117720E6EA7}.Release|Any CPU.ActiveCfg = Release|Any CPU
		{96FC65EA-B4F8-4A1A-8F2F-3117720E6EA7}.Release|Any CPU.Build.0 = Release|Any CPU
		{125F5CA9-9F10-4BB6-ACF6-E4AE976A1D64}.Debug|Any CPU.ActiveCfg = Debug|Any CPU
		{125F5CA9-9F10-4BB6-ACF6-E4AE976A1D64}.Debug|Any CPU.Build.0 = Debug|Any CPU
		{125F5CA9-9F10-4BB6-ACF6-E4AE976A1D64}.Release|Any CPU.ActiveCfg = Release|Any CPU
		{125F5CA9-9F10-4BB6-ACF6-E4AE976A1D64}.Release|Any CPU.Build.0 = Release|Any CPU
		{E6B2A24E-51CF-489A-BCDC-C2AF0A872CE8}.Debug|Any CPU.ActiveCfg = Debug|Any CPU
		{E6B2A24E-51CF-489A-BCDC-C2AF0A872CE8}.Debug|Any CPU.Build.0 = Debug|Any CPU
		{E6B2A24E-51CF-489A-BCDC-C2AF0A872CE8}.Release|Any CPU.ActiveCfg = Release|Any CPU
		{E6B2A24E-51CF-489A-BCDC-C2AF0A872CE8}.Release|Any CPU.Build.0 = Release|Any CPU
		{67C77918-EB2E-4347-902F-8D2E88E8A487}.Debug|Any CPU.ActiveCfg = Debug|Any CPU
		{67C77918-EB2E-4347-902F-8D2E88E8A487}.Debug|Any CPU.Build.0 = Debug|Any CPU
		{67C77918-EB2E-4347-902F-8D2E88E8A487}.Release|Any CPU.ActiveCfg = Release|Any CPU
		{67C77918-EB2E-4347-902F-8D2E88E8A487}.Release|Any CPU.Build.0 = Release|Any CPU
		{AF46F311-3345-46DE-A42F-AE2DCE4C9C0A}.Debug|Any CPU.ActiveCfg = Debug|Any CPU
		{AF46F311-3345-46DE-A42F-AE2DCE4C9C0A}.Debug|Any CPU.Build.0 = Debug|Any CPU
		{AF46F311-3345-46DE-A42F-AE2DCE4C9C0A}.Release|Any CPU.ActiveCfg = Release|Any CPU
		{AF46F311-3345-46DE-A42F-AE2DCE4C9C0A}.Release|Any CPU.Build.0 = Release|Any CPU
		{0B32B1FD-571E-4E64-9F7E-243E793E5A42}.Debug|Any CPU.ActiveCfg = Debug|Any CPU
		{0B32B1FD-571E-4E64-9F7E-243E793E5A42}.Debug|Any CPU.Build.0 = Debug|Any CPU
		{0B32B1FD-571E-4E64-9F7E-243E793E5A42}.Release|Any CPU.ActiveCfg = Release|Any CPU
		{0B32B1FD-571E-4E64-9F7E-243E793E5A42}.Release|Any CPU.Build.0 = Release|Any CPU
	EndGlobalSection
	GlobalSection(SolutionProperties) = preSolution
		HideSolutionNode = FALSE
	EndGlobalSection
	GlobalSection(ExtensibilityGlobals) = postSolution
		SolutionGuid = {68FAA2A5-7EA5-44AC-9AA9-FF21C6820225}
	EndGlobalSection
EndGlobal
